
Microsoft Visual Studio Solution File, Format Version 12.00
# Visual Studio 15
Project("{FAE04EC0-301F-11D3-BF4B-00C04F79EFBC}") = "FishNet.Codegen.Cecil", "FishNet.Codegen.Cecil.csproj", "{6ACE16C4-8CD5-7B1E-871E-230B137317B8}"
EndProject
Project("{FAE04EC0-301F-11D3-BF4B-00C04F79EFBC}") = "FishNet.Runtime", "FishNet.Runtime.csproj", "{6F598E7C-A8A3-0993-BBE3-609751E67141}"
EndProject
Project("{FAE04EC0-301F-11D3-BF4B-00C04F79EFBC}") = "Assembly-CSharp-firstpass", "Assembly-CSharp-firstpass.csproj", "{EB82976D-4223-8FC9-4775-E75520BA333E}"
EndProject
Project("{FAE04EC0-301F-11D3-BF4B-00C04F79EFBC}") = "Assembly-CSharp-Editor-firstpass", "Assembly-CSharp-Editor-firstpass.csproj", "{C55BD7BB-402D-7A93-8175-81B68494048B}"
EndProject
Project("{FAE04EC0-301F-11D3-BF4B-00C04F79EFBC}") = "GameKit.Dependencies", "GameKit.Dependencies.csproj", "{2A1D717C-1224-F027-8621-5D2CE90D2D33}"
EndProject
Project("{FAE04EC0-301F-11D3-BF4B-00C04F79EFBC}") = "Unity.FishNet.Codegen", "Unity.FishNet.Codegen.csproj", "{6AFFFEB8-703D-8C68-20F9-D7277C37F31B}"
EndProject
Project("{FAE04EC0-301F-11D3-BF4B-00C04F79EFBC}") = "Assembly-CSharp", "Assembly-CSharp.csproj", "{4706320B-5973-F4AC-DAB7-94D8A4CEC55A}"
EndProject
Project("{FAE04EC0-301F-11D3-BF4B-00C04F79EFBC}") = "FishNet.Demos", "FishNet.Demos.csproj", "{E062E281-E6ED-EEAB-6338-3AC3943FD4C8}"
EndProject
Project("{FAE04EC0-301F-11D3-BF4B-00C04F79EFBC}") = "Assembly-CSharp-Editor", "Assembly-CSharp-Editor.csproj", "{D9D4850E-E4B3-C809-CBD4-0C3FBFEFF6F0}"
EndProject
Global
	GlobalSection(SolutionConfigurationPlatforms) = preSolution
		Debug|Any CPU = Debug|Any CPU
		Release|Any CPU = Release|Any CPU
	EndGlobalSection
	GlobalSection(ProjectConfigurationPlatforms) = postSolution
		{6ACE16C4-8CD5-7B1E-871E-230B137317B8}.Debug|Any CPU.ActiveCfg = Debug|Any CPU
		{6ACE16C4-8CD5-7B1E-871E-230B137317B8}.Debug|Any CPU.Build.0 = Debug|Any CPU
		{6ACE16C4-8CD5-7B1E-871E-230B137317B8}.Release|Any CPU.ActiveCfg = Release|Any CPU
		{6ACE16C4-8CD5-7B1E-871E-230B137317B8}.Release|Any CPU.Build.0 = Release|Any CPU
		{6F598E7C-A8A3-0993-BBE3-609751E67141}.Debug|Any CPU.ActiveCfg = Debug|Any CPU
		{6F598E7C-A8A3-0993-BBE3-609751E67141}.Debug|Any CPU.Build.0 = Debug|Any CPU
		{6F598E7C-A8A3-0993-BBE3-609751E67141}.Release|Any CPU.ActiveCfg = Release|Any CPU
		{6F598E7C-A8A3-0993-BBE3-609751E67141}.Release|Any CPU.Build.0 = Release|Any CPU
		{EB82976D-4223-8FC9-4775-E75520BA333E}.Debug|Any CPU.ActiveCfg = Debug|Any CPU
		{EB82976D-4223-8FC9-4775-E75520BA333E}.Debug|Any CPU.Build.0 = Debug|Any CPU
		{EB82976D-4223-8FC9-4775-E75520BA333E}.Release|Any CPU.ActiveCfg = Release|Any CPU
		{EB82976D-4223-8FC9-4775-E75520BA333E}.Release|Any CPU.Build.0 = Release|Any CPU
		{C55BD7BB-402D-7A93-8175-81B68494048B}.Debug|Any CPU.ActiveCfg = Debug|Any CPU
		{C55BD7BB-402D-7A93-8175-81B68494048B}.Debug|Any CPU.Build.0 = Debug|Any CPU
		{C55BD7BB-402D-7A93-8175-81B68494048B}.Release|Any CPU.ActiveCfg = Release|Any CPU
		{C55BD7BB-402D-7A93-8175-81B68494048B}.Release|Any CPU.Build.0 = Release|Any CPU
		{2A1D717C-1224-F027-8621-5D2CE90D2D33}.Debug|Any CPU.ActiveCfg = Debug|Any CPU
		{2A1D717C-1224-F027-8621-5D2CE90D2D33}.Debug|Any CPU.Build.0 = Debug|Any CPU
		{2A1D717C-1224-F027-8621-5D2CE90D2D33}.Release|Any CPU.ActiveCfg = Release|Any CPU
		{2A1D717C-1224-F027-8621-5D2CE90D2D33}.Release|Any CPU.Build.0 = Release|Any CPU
		{6AFFFEB8-703D-8C68-20F9-D7277C37F31B}.Debug|Any CPU.ActiveCfg = Debug|Any CPU
		{6AFFFEB8-703D-8C68-20F9-D7277C37F31B}.Debug|Any CPU.Build.0 = Debug|Any CPU
		{6AFFFEB8-703D-8C68-20F9-D7277C37F31B}.Release|Any CPU.ActiveCfg = Release|Any CPU
		{6AFFFEB8-703D-8C68-20F9-D7277C37F31B}.Release|Any CPU.Build.0 = Release|Any CPU
		{4706320B-5973-F4AC-DAB7-94D8A4CEC55A}.Debug|Any CPU.ActiveCfg = Debug|Any CPU
		{4706320B-5973-F4AC-DAB7-94D8A4CEC55A}.Debug|Any CPU.Build.0 = Debug|Any CPU
		{4706320B-5973-F4AC-DAB7-94D8A4CEC55A}.Release|Any CPU.ActiveCfg = Release|Any CPU
		{4706320B-5973-F4AC-DAB7-94D8A4CEC55A}.Release|Any CPU.Build.0 = Release|Any CPU
		{E062E281-E6ED-EEAB-6338-3AC3943FD4C8}.Debug|Any CPU.ActiveCfg = Debug|Any CPU
		{E062E281-E6ED-EEAB-6338-3AC3943FD4C8}.Debug|Any CPU.Build.0 = Debug|Any CPU
		{E062E281-E6ED-EEAB-6338-3AC3943FD4C8}.Release|Any CPU.ActiveCfg = Release|Any CPU
		{E062E281-E6ED-EEAB-6338-3AC3943FD4C8}.Release|Any CPU.Build.0 = Release|Any CPU
		{D9D4850E-E4B3-C809-CBD4-0C3FBFEFF6F0}.Debug|Any CPU.ActiveCfg = Debug|Any CPU
		{D9D4850E-E4B3-C809-CBD4-0C3FBFEFF6F0}.Debug|Any CPU.Build.0 = Debug|Any CPU
		{D9D4850E-E4B3-C809-CBD4-0C3FBFEFF6F0}.Release|Any CPU.ActiveCfg = Release|Any CPU
		{D9D4850E-E4B3-C809-CBD4-0C3FBFEFF6F0}.Release|Any CPU.Build.0 = Release|Any CPU
	EndGlobalSection
	GlobalSection(SolutionProperties) = preSolution
		HideSolutionNode = FALSE
	EndGlobalSection
EndGlobal
